
Microsoft Visual Studio Solution File, Format Version 12.00
# Visual Studio Version 17
VisualStudioVersion = 17.6.33801.468
MinimumVisualStudioVersion = 10.0.40219.1
Project("{FAE04EC0-301F-11D3-BF4B-00C04F79EFBC}") = "Product_API_Dotnet_MongoDB", "Product_API_Dotnet_MongoDB.csproj", "{AA8E734D-B04A-4B17-AC5E-6FCE46E25730}"
EndProject
Global
	GlobalSection(SolutionConfigurationPlatforms) = preSolution
		Debug|Any CPU = Debug|Any CPU
		Release|Any CPU = Release|Any CPU
	EndGlobalSection
	GlobalSection(ProjectConfigurationPlatforms) = postSolution
		{AA8E734D-B04A-4B17-AC5E-6FCE46E25730}.Debug|Any CPU.ActiveCfg = Debug|Any CPU
		{AA8E734D-B04A-4B17-AC5E-6FCE46E25730}.Debug|Any CPU.Build.0 = Debug|Any CPU
		{AA8E734D-B04A-4B17-AC5E-6FCE46E25730}.Release|Any CPU.ActiveCfg = Release|Any CPU
		{AA8E734D-B04A-4B17-AC5E-6FCE46E25730}.Release|Any CPU.Build.0 = Release|Any CPU
	EndGlobalSection
	GlobalSection(SolutionProperties) = preSolution
		HideSolutionNode = FALSE
	EndGlobalSection
	GlobalSection(ExtensibilityGlobals) = postSolution
		SolutionGuid = {92588BC3-5184-4537-BED8-3EAD7A9DFAE5}
	EndGlobalSection
EndGlobal
